<?xml version="1.0" encoding="UTF-8"?>
<CodeBlocks_project_file>
	<FileVersion major="1" minor="6"/>
	<Project>
		<Option title="Homework"/>
		<Option makefile_is_custom="1"/>
		<Option compiler="gcc"/>
		<Option virtualFolders="CMake Files\;"/>
		<Build>
			<Target title="all">
				<Option working_dir="/home/master/msu/c_homework/clion_wsl_debug"/>
				<Option type="4"/>
				<MakeCommands>
					<Build command="/usr/bin/make -j8 -f &quot;/home/master/msu/c_homework/clion_wsl_debug/Makefile&quot;  VERBOSE=1 all"/>
					<CompileFile command="/usr/bin/make -j8 -f &quot;/home/master/msu/c_homework/clion_wsl_debug/Makefile&quot;  VERBOSE=1 &quot;$file&quot;"/>
					<Clean command="/usr/bin/make -j8 -f &quot;/home/master/msu/c_homework/clion_wsl_debug/Makefile&quot;  VERBOSE=1 clean"/>
					<DistClean command="/usr/bin/make -j8 -f &quot;/home/master/msu/c_homework/clion_wsl_debug/Makefile&quot;  VERBOSE=1 clean"/>
				</MakeCommands>
			</Target>
			<Target title="edit_cache">
				<Option working_dir="/home/master/msu/c_homework/clion_wsl_debug"/>
				<Option type="4"/>
				<MakeCommands>
					<Build command="/usr/bin/make -j8 -f &quot;/home/master/msu/c_homework/clion_wsl_debug/Makefile&quot;  VERBOSE=1 edit_cache"/>
					<CompileFile command="/usr/bin/make -j8 -f &quot;/home/master/msu/c_homework/clion_wsl_debug/Makefile&quot;  VERBOSE=1 &quot;$file&quot;"/>
					<Clean command="/usr/bin/make -j8 -f &quot;/home/master/msu/c_homework/clion_wsl_debug/Makefile&quot;  VERBOSE=1 clean"/>
					<DistClean command="/usr/bin/make -j8 -f &quot;/home/master/msu/c_homework/clion_wsl_debug/Makefile&quot;  VERBOSE=1 clean"/>
				</MakeCommands>
			</Target>
			<Target title="shell">
				<Option output="/home/master/msu/c_homework/clion_wsl_debug/shell" prefix_auto="0" extension_auto="0"/>
				<Option working_dir="/home/master/msu/c_homework/clion_wsl_debug"/>
				<Option object_output="./"/>
				<Option type="1"/>
				<Option compiler="gcc"/>
				<Compiler>
					<Add directory="/usr/include/c++/9"/>
					<Add directory="/usr/include/x86_64-linux-gnu/c++/9"/>
					<Add directory="/usr/include/c++/9/backward"/>
					<Add directory="/usr/lib/gcc/x86_64-linux-gnu/9/include"/>
					<Add directory="/usr/local/include"/>
					<Add directory="/usr/include/x86_64-linux-gnu"/>
					<Add directory="/usr/include"/>
				</Compiler>
				<MakeCommands>
					<Build command="/usr/bin/make -j8 -f &quot;/home/master/msu/c_homework/clion_wsl_debug/Makefile&quot;  VERBOSE=1 shell"/>
					<CompileFile command="/usr/bin/make -j8 -f &quot;/home/master/msu/c_homework/clion_wsl_debug/Makefile&quot;  VERBOSE=1 &quot;$file&quot;"/>
					<Clean command="/usr/bin/make -j8 -f &quot;/home/master/msu/c_homework/clion_wsl_debug/Makefile&quot;  VERBOSE=1 clean"/>
					<DistClean command="/usr/bin/make -j8 -f &quot;/home/master/msu/c_homework/clion_wsl_debug/Makefile&quot;  VERBOSE=1 clean"/>
				</MakeCommands>
			</Target>
			<Target title="shell/fast">
				<Option output="/home/master/msu/c_homework/clion_wsl_debug/shell" prefix_auto="0" extension_auto="0"/>
				<Option working_dir="/home/master/msu/c_homework/clion_wsl_debug"/>
				<Option object_output="./"/>
				<Option type="1"/>
				<Option compiler="gcc"/>
				<Compiler>
					<Add directory="/usr/include/c++/9"/>
					<Add directory="/usr/include/x86_64-linux-gnu/c++/9"/>
					<Add directory="/usr/include/c++/9/backward"/>
					<Add directory="/usr/lib/gcc/x86_64-linux-gnu/9/include"/>
					<Add directory="/usr/local/include"/>
					<Add directory="/usr/include/x86_64-linux-gnu"/>
					<Add directory="/usr/include"/>
				</Compiler>
				<MakeCommands>
					<Build command="/usr/bin/make -j8 -f &quot;/home/master/msu/c_homework/clion_wsl_debug/Makefile&quot;  VERBOSE=1 shell/fast"/>
					<CompileFile command="/usr/bin/make -j8 -f &quot;/home/master/msu/c_homework/clion_wsl_debug/Makefile&quot;  VERBOSE=1 &quot;$file&quot;"/>
					<Clean command="/usr/bin/make -j8 -f &quot;/home/master/msu/c_homework/clion_wsl_debug/Makefile&quot;  VERBOSE=1 clean"/>
					<DistClean command="/usr/bin/make -j8 -f &quot;/home/master/msu/c_homework/clion_wsl_debug/Makefile&quot;  VERBOSE=1 clean"/>
				</MakeCommands>
			</Target>
			<Target title="homework_7">
				<Option output="/home/master/msu/c_homework/clion_wsl_debug/homework_7" prefix_auto="0" extension_auto="0"/>
				<Option working_dir="/home/master/msu/c_homework/clion_wsl_debug"/>
				<Option object_output="./"/>
				<Option type="1"/>
				<Option compiler="gcc"/>
				<Compiler>
					<Add directory="/usr/include/c++/9"/>
					<Add directory="/usr/include/x86_64-linux-gnu/c++/9"/>
					<Add directory="/usr/include/c++/9/backward"/>
					<Add directory="/usr/lib/gcc/x86_64-linux-gnu/9/include"/>
					<Add directory="/usr/local/include"/>
					<Add directory="/usr/include/x86_64-linux-gnu"/>
					<Add directory="/usr/include"/>
				</Compiler>
				<MakeCommands>
					<Build command="/usr/bin/make -j8 -f &quot;/home/master/msu/c_homework/clion_wsl_debug/Makefile&quot;  VERBOSE=1 homework_7"/>
					<CompileFile command="/usr/bin/make -j8 -f &quot;/home/master/msu/c_homework/clion_wsl_debug/Makefile&quot;  VERBOSE=1 &quot;$file&quot;"/>
					<Clean command="/usr/bin/make -j8 -f &quot;/home/master/msu/c_homework/clion_wsl_debug/Makefile&quot;  VERBOSE=1 clean"/>
					<DistClean command="/usr/bin/make -j8 -f &quot;/home/master/msu/c_homework/clion_wsl_debug/Makefile&quot;  VERBOSE=1 clean"/>
				</MakeCommands>
			</Target>
			<Target title="homework_7/fast">
				<Option output="/home/master/msu/c_homework/clion_wsl_debug/homework_7" prefix_auto="0" extension_auto="0"/>
				<Option working_dir="/home/master/msu/c_homework/clion_wsl_debug"/>
				<Option object_output="./"/>
				<Option type="1"/>
				<Option compiler="gcc"/>
				<Compiler>
					<Add directory="/usr/include/c++/9"/>
					<Add directory="/usr/include/x86_64-linux-gnu/c++/9"/>
					<Add directory="/usr/include/c++/9/backward"/>
					<Add directory="/usr/lib/gcc/x86_64-linux-gnu/9/include"/>
					<Add directory="/usr/local/include"/>
					<Add directory="/usr/include/x86_64-linux-gnu"/>
					<Add directory="/usr/include"/>
				</Compiler>
				<MakeCommands>
					<Build command="/usr/bin/make -j8 -f &quot;/home/master/msu/c_homework/clion_wsl_debug/Makefile&quot;  VERBOSE=1 homework_7/fast"/>
					<CompileFile command="/usr/bin/make -j8 -f &quot;/home/master/msu/c_homework/clion_wsl_debug/Makefile&quot;  VERBOSE=1 &quot;$file&quot;"/>
					<Clean command="/usr/bin/make -j8 -f &quot;/home/master/msu/c_homework/clion_wsl_debug/Makefile&quot;  VERBOSE=1 clean"/>
					<DistClean command="/usr/bin/make -j8 -f &quot;/home/master/msu/c_homework/clion_wsl_debug/Makefile&quot;  VERBOSE=1 clean"/>
				</MakeCommands>
			</Target>
			<Target title="homework_6">
				<Option output="/home/master/msu/c_homework/clion_wsl_debug/homework_6" prefix_auto="0" extension_auto="0"/>
				<Option working_dir="/home/master/msu/c_homework/clion_wsl_debug"/>
				<Option object_output="./"/>
				<Option type="1"/>
				<Option compiler="gcc"/>
				<Compiler>
					<Add directory="/usr/include/c++/9"/>
					<Add directory="/usr/include/x86_64-linux-gnu/c++/9"/>
					<Add directory="/usr/include/c++/9/backward"/>
					<Add directory="/usr/lib/gcc/x86_64-linux-gnu/9/include"/>
					<Add directory="/usr/local/include"/>
					<Add directory="/usr/include/x86_64-linux-gnu"/>
					<Add directory="/usr/include"/>
				</Compiler>
				<MakeCommands>
					<Build command="/usr/bin/make -j8 -f &quot;/home/master/msu/c_homework/clion_wsl_debug/Makefile&quot;  VERBOSE=1 homework_6"/>
					<CompileFile command="/usr/bin/make -j8 -f &quot;/home/master/msu/c_homework/clion_wsl_debug/Makefile&quot;  VERBOSE=1 &quot;$file&quot;"/>
					<Clean command="/usr/bin/make -j8 -f &quot;/home/master/msu/c_homework/clion_wsl_debug/Makefile&quot;  VERBOSE=1 clean"/>
					<DistClean command="/usr/bin/make -j8 -f &quot;/home/master/msu/c_homework/clion_wsl_debug/Makefile&quot;  VERBOSE=1 clean"/>
				</MakeCommands>
			</Target>
			<Target title="homework_6/fast">
				<Option output="/home/master/msu/c_homework/clion_wsl_debug/homework_6" prefix_auto="0" extension_auto="0"/>
				<Option working_dir="/home/master/msu/c_homework/clion_wsl_debug"/>
				<Option object_output="./"/>
				<Option type="1"/>
				<Option compiler="gcc"/>
				<Compiler>
					<Add directory="/usr/include/c++/9"/>
					<Add directory="/usr/include/x86_64-linux-gnu/c++/9"/>
					<Add directory="/usr/include/c++/9/backward"/>
					<Add directory="/usr/lib/gcc/x86_64-linux-gnu/9/include"/>
					<Add directory="/usr/local/include"/>
					<Add directory="/usr/include/x86_64-linux-gnu"/>
					<Add directory="/usr/include"/>
				</Compiler>
				<MakeCommands>
					<Build command="/usr/bin/make -j8 -f &quot;/home/master/msu/c_homework/clion_wsl_debug/Makefile&quot;  VERBOSE=1 homework_6/fast"/>
					<CompileFile command="/usr/bin/make -j8 -f &quot;/home/master/msu/c_homework/clion_wsl_debug/Makefile&quot;  VERBOSE=1 &quot;$file&quot;"/>
					<Clean command="/usr/bin/make -j8 -f &quot;/home/master/msu/c_homework/clion_wsl_debug/Makefile&quot;  VERBOSE=1 clean"/>
					<DistClean command="/usr/bin/make -j8 -f &quot;/home/master/msu/c_homework/clion_wsl_debug/Makefile&quot;  VERBOSE=1 clean"/>
				</MakeCommands>
			</Target>
			<Target title="rebuild_cache">
				<Option working_dir="/home/master/msu/c_homework/clion_wsl_debug"/>
				<Option type="4"/>
				<MakeCommands>
					<Build command="/usr/bin/make -j8 -f &quot;/home/master/msu/c_homework/clion_wsl_debug/Makefile&quot;  VERBOSE=1 rebuild_cache"/>
					<CompileFile command="/usr/bin/make -j8 -f &quot;/home/master/msu/c_homework/clion_wsl_debug/Makefile&quot;  VERBOSE=1 &quot;$file&quot;"/>
					<Clean command="/usr/bin/make -j8 -f &quot;/home/master/msu/c_homework/clion_wsl_debug/Makefile&quot;  VERBOSE=1 clean"/>
					<DistClean command="/usr/bin/make -j8 -f &quot;/home/master/msu/c_homework/clion_wsl_debug/Makefile&quot;  VERBOSE=1 clean"/>
				</MakeCommands>
			</Target>
			<Target title="homework_3">
				<Option output="/home/master/msu/c_homework/clion_wsl_debug/homework_3" prefix_auto="0" extension_auto="0"/>
				<Option working_dir="/home/master/msu/c_homework/clion_wsl_debug"/>
				<Option object_output="./"/>
				<Option type="1"/>
				<Option compiler="gcc"/>
				<Compiler>
					<Add directory="/usr/include/c++/9"/>
					<Add directory="/usr/include/x86_64-linux-gnu/c++/9"/>
					<Add directory="/usr/include/c++/9/backward"/>
					<Add directory="/usr/lib/gcc/x86_64-linux-gnu/9/include"/>
					<Add directory="/usr/local/include"/>
					<Add directory="/usr/include/x86_64-linux-gnu"/>
					<Add directory="/usr/include"/>
				</Compiler>
				<MakeCommands>
					<Build command="/usr/bin/make -j8 -f &quot;/home/master/msu/c_homework/clion_wsl_debug/Makefile&quot;  VERBOSE=1 homework_3"/>
					<CompileFile command="/usr/bin/make -j8 -f &quot;/home/master/msu/c_homework/clion_wsl_debug/Makefile&quot;  VERBOSE=1 &quot;$file&quot;"/>
					<Clean command="/usr/bin/make -j8 -f &quot;/home/master/msu/c_homework/clion_wsl_debug/Makefile&quot;  VERBOSE=1 clean"/>
					<DistClean command="/usr/bin/make -j8 -f &quot;/home/master/msu/c_homework/clion_wsl_debug/Makefile&quot;  VERBOSE=1 clean"/>
				</MakeCommands>
			</Target>
			<Target title="homework_3/fast">
				<Option output="/home/master/msu/c_homework/clion_wsl_debug/homework_3" prefix_auto="0" extension_auto="0"/>
				<Option working_dir="/home/master/msu/c_homework/clion_wsl_debug"/>
				<Option object_output="./"/>
				<Option type="1"/>
				<Option compiler="gcc"/>
				<Compiler>
					<Add directory="/usr/include/c++/9"/>
					<Add directory="/usr/include/x86_64-linux-gnu/c++/9"/>
					<Add directory="/usr/include/c++/9/backward"/>
					<Add directory="/usr/lib/gcc/x86_64-linux-gnu/9/include"/>
					<Add directory="/usr/local/include"/>
					<Add directory="/usr/include/x86_64-linux-gnu"/>
					<Add directory="/usr/include"/>
				</Compiler>
				<MakeCommands>
					<Build command="/usr/bin/make -j8 -f &quot;/home/master/msu/c_homework/clion_wsl_debug/Makefile&quot;  VERBOSE=1 homework_3/fast"/>
					<CompileFile command="/usr/bin/make -j8 -f &quot;/home/master/msu/c_homework/clion_wsl_debug/Makefile&quot;  VERBOSE=1 &quot;$file&quot;"/>
					<Clean command="/usr/bin/make -j8 -f &quot;/home/master/msu/c_homework/clion_wsl_debug/Makefile&quot;  VERBOSE=1 clean"/>
					<DistClean command="/usr/bin/make -j8 -f &quot;/home/master/msu/c_homework/clion_wsl_debug/Makefile&quot;  VERBOSE=1 clean"/>
				</MakeCommands>
			</Target>
			<Target title="homework_2">
				<Option output="/home/master/msu/c_homework/clion_wsl_debug/homework_2" prefix_auto="0" extension_auto="0"/>
				<Option working_dir="/home/master/msu/c_homework/clion_wsl_debug"/>
				<Option object_output="./"/>
				<Option type="1"/>
				<Option compiler="gcc"/>
				<Compiler>
					<Add directory="/usr/include/c++/9"/>
					<Add directory="/usr/include/x86_64-linux-gnu/c++/9"/>
					<Add directory="/usr/include/c++/9/backward"/>
					<Add directory="/usr/lib/gcc/x86_64-linux-gnu/9/include"/>
					<Add directory="/usr/local/include"/>
					<Add directory="/usr/include/x86_64-linux-gnu"/>
					<Add directory="/usr/include"/>
				</Compiler>
				<MakeCommands>
					<Build command="/usr/bin/make -j8 -f &quot;/home/master/msu/c_homework/clion_wsl_debug/Makefile&quot;  VERBOSE=1 homework_2"/>
					<CompileFile command="/usr/bin/make -j8 -f &quot;/home/master/msu/c_homework/clion_wsl_debug/Makefile&quot;  VERBOSE=1 &quot;$file&quot;"/>
					<Clean command="/usr/bin/make -j8 -f &quot;/home/master/msu/c_homework/clion_wsl_debug/Makefile&quot;  VERBOSE=1 clean"/>
					<DistClean command="/usr/bin/make -j8 -f &quot;/home/master/msu/c_homework/clion_wsl_debug/Makefile&quot;  VERBOSE=1 clean"/>
				</MakeCommands>
			</Target>
			<Target title="homework_2/fast">
				<Option output="/home/master/msu/c_homework/clion_wsl_debug/homework_2" prefix_auto="0" extension_auto="0"/>
				<Option working_dir="/home/master/msu/c_homework/clion_wsl_debug"/>
				<Option object_output="./"/>
				<Option type="1"/>
				<Option compiler="gcc"/>
				<Compiler>
					<Add directory="/usr/include/c++/9"/>
					<Add directory="/usr/include/x86_64-linux-gnu/c++/9"/>
					<Add directory="/usr/include/c++/9/backward"/>
					<Add directory="/usr/lib/gcc/x86_64-linux-gnu/9/include"/>
					<Add directory="/usr/local/include"/>
					<Add directory="/usr/include/x86_64-linux-gnu"/>
					<Add directory="/usr/include"/>
				</Compiler>
				<MakeCommands>
					<Build command="/usr/bin/make -j8 -f &quot;/home/master/msu/c_homework/clion_wsl_debug/Makefile&quot;  VERBOSE=1 homework_2/fast"/>
					<CompileFile command="/usr/bin/make -j8 -f &quot;/home/master/msu/c_homework/clion_wsl_debug/Makefile&quot;  VERBOSE=1 &quot;$file&quot;"/>
					<Clean command="/usr/bin/make -j8 -f &quot;/home/master/msu/c_homework/clion_wsl_debug/Makefile&quot;  VERBOSE=1 clean"/>
					<DistClean command="/usr/bin/make -j8 -f &quot;/home/master/msu/c_homework/clion_wsl_debug/Makefile&quot;  VERBOSE=1 clean"/>
				</MakeCommands>
			</Target>
			<Target title="homework_1">
				<Option output="/home/master/msu/c_homework/clion_wsl_debug/homework_1" prefix_auto="0" extension_auto="0"/>
				<Option working_dir="/home/master/msu/c_homework/clion_wsl_debug"/>
				<Option object_output="./"/>
				<Option type="1"/>
				<Option compiler="gcc"/>
				<Compiler>
					<Add directory="/usr/include/c++/9"/>
					<Add directory="/usr/include/x86_64-linux-gnu/c++/9"/>
					<Add directory="/usr/include/c++/9/backward"/>
					<Add directory="/usr/lib/gcc/x86_64-linux-gnu/9/include"/>
					<Add directory="/usr/local/include"/>
					<Add directory="/usr/include/x86_64-linux-gnu"/>
					<Add directory="/usr/include"/>
				</Compiler>
				<MakeCommands>
					<Build command="/usr/bin/make -j8 -f &quot;/home/master/msu/c_homework/clion_wsl_debug/Makefile&quot;  VERBOSE=1 homework_1"/>
					<CompileFile command="/usr/bin/make -j8 -f &quot;/home/master/msu/c_homework/clion_wsl_debug/Makefile&quot;  VERBOSE=1 &quot;$file&quot;"/>
					<Clean command="/usr/bin/make -j8 -f &quot;/home/master/msu/c_homework/clion_wsl_debug/Makefile&quot;  VERBOSE=1 clean"/>
					<DistClean command="/usr/bin/make -j8 -f &quot;/home/master/msu/c_homework/clion_wsl_debug/Makefile&quot;  VERBOSE=1 clean"/>
				</MakeCommands>
			</Target>
			<Target title="homework_1/fast">
				<Option output="/home/master/msu/c_homework/clion_wsl_debug/homework_1" prefix_auto="0" extension_auto="0"/>
				<Option working_dir="/home/master/msu/c_homework/clion_wsl_debug"/>
				<Option object_output="./"/>
				<Option type="1"/>
				<Option compiler="gcc"/>
				<Compiler>
					<Add directory="/usr/include/c++/9"/>
					<Add directory="/usr/include/x86_64-linux-gnu/c++/9"/>
					<Add directory="/usr/include/c++/9/backward"/>
					<Add directory="/usr/lib/gcc/x86_64-linux-gnu/9/include"/>
					<Add directory="/usr/local/include"/>
					<Add directory="/usr/include/x86_64-linux-gnu"/>
					<Add directory="/usr/include"/>
				</Compiler>
				<MakeCommands>
					<Build command="/usr/bin/make -j8 -f &quot;/home/master/msu/c_homework/clion_wsl_debug/Makefile&quot;  VERBOSE=1 homework_1/fast"/>
					<CompileFile command="/usr/bin/make -j8 -f &quot;/home/master/msu/c_homework/clion_wsl_debug/Makefile&quot;  VERBOSE=1 &quot;$file&quot;"/>
					<Clean command="/usr/bin/make -j8 -f &quot;/home/master/msu/c_homework/clion_wsl_debug/Makefile&quot;  VERBOSE=1 clean"/>
					<DistClean command="/usr/bin/make -j8 -f &quot;/home/master/msu/c_homework/clion_wsl_debug/Makefile&quot;  VERBOSE=1 clean"/>
				</MakeCommands>
			</Target>
		</Build>
		<Unit filename="/home/master/msu/c_homework/homework_1.c">
			<Option target="homework_1"/>
		</Unit>
		<Unit filename="/home/master/msu/c_homework/homework_2.c">
			<Option target="homework_2"/>
		</Unit>
		<Unit filename="/home/master/msu/c_homework/homework_3.c">
			<Option target="homework_3"/>
		</Unit>
		<Unit filename="/home/master/msu/c_homework/homework_6.c">
			<Option target="homework_6"/>
		</Unit>
		<Unit filename="/home/master/msu/c_homework/homework_7.c">
			<Option target="homework_7"/>
		</Unit>
		<Unit filename="/home/master/msu/c_homework/shell.c">
			<Option target="shell"/>
		</Unit>
		<Unit filename="/home/master/msu/c_homework/CMakeLists.txt">
			<Option virtualFolder="CMake Files\"/>
		</Unit>
	</Project>
</CodeBlocks_project_file>
